
Microsoft Visual Studio Solution File, Format Version 12.00
# Visual Studio 15
VisualStudioVersion = 15.0.27130.2003
MinimumVisualStudioVersion = 10.0.40219.1
Project("{FAE04EC0-301F-11D3-BF4B-00C04F79EFBC}") = "MP.Web.Api", "MP.Web.Api\MP.Web.Api.csproj", "{32A0DB7B-6A3F-42CD-A795-514910BB2BEF}"
EndProject
Project("{FAE04EC0-301F-11D3-BF4B-00C04F79EFBC}") = "MP.Framework.Web", "MP.Framework.Web\MP.Framework.Web.csproj", "{D55419A7-E2F3-4535-8AD7-BCD06E43D7DE}"
EndProject
Project("{FAE04EC0-301F-11D3-BF4B-00C04F79EFBC}") = "MP.Models", "MP.Models\MP.Models.csproj", "{D21D07AF-2771-4EDD-AF7B-811E3E5BB333}"
EndProject
Project("{FAE04EC0-301F-11D3-BF4B-00C04F79EFBC}") = "MP.Framework", "MP.Framework\MP.Framework.csproj", "{C8B9C93E-C4BD-4268-B1CA-3058E05362E3}"
EndProject
Project("{2150E333-8FDC-42A3-9474-1A3956D46DE8}") = "1 Framework", "1 Framework", "{FA30D849-95AA-4679-B86C-6C1B205B480E}"
EndProject
Project("{2150E333-8FDC-42A3-9474-1A3956D46DE8}") = "4 Web", "4 Web", "{EE5C714D-D469-4CDD-9C9F-B482B26C6E8A}"
EndProject
Project("{2150E333-8FDC-42A3-9474-1A3956D46DE8}") = "2 Models", "2 Models", "{061D1EC0-124D-4262-997B-730EEB9D9BBC}"
EndProject
Project("{FAE04EC0-301F-11D3-BF4B-00C04F79EFBC}") = "MP.Processing", "MP.Processing\MP.Processing.csproj", "{5F012A62-9FD0-4E15-A519-91C5E362032B}"
EndProject
Project("{2150E333-8FDC-42A3-9474-1A3956D46DE8}") = "0 Solution Items", "0 Solution Items", "{522A26F1-35AE-4F7B-8946-824E2155E1E0}"
	ProjectSection(SolutionItems) = preProject
		_Shared\GlobalAssemblyInfo.cs = _Shared\GlobalAssemblyInfo.cs
		README.md = README.md
	EndProjectSection
EndProject
Project("{2150E333-8FDC-42A3-9474-1A3956D46DE8}") = "3 Moving Parts", "3 Moving Parts", "{61F3853E-B3B5-430D-B56E-69B3185DE7BE}"
EndProject
Global
	GlobalSection(SolutionConfigurationPlatforms) = preSolution
		Debug|Any CPU = Debug|Any CPU
		Release|Any CPU = Release|Any CPU
	EndGlobalSection
	GlobalSection(ProjectConfigurationPlatforms) = postSolution
		{32A0DB7B-6A3F-42CD-A795-514910BB2BEF}.Debug|Any CPU.ActiveCfg = Debug|Any CPU
		{32A0DB7B-6A3F-42CD-A795-514910BB2BEF}.Debug|Any CPU.Build.0 = Debug|Any CPU
		{32A0DB7B-6A3F-42CD-A795-514910BB2BEF}.Release|Any CPU.ActiveCfg = Release|Any CPU
		{32A0DB7B-6A3F-42CD-A795-514910BB2BEF}.Release|Any CPU.Build.0 = Release|Any CPU
		{D55419A7-E2F3-4535-8AD7-BCD06E43D7DE}.Debug|Any CPU.ActiveCfg = Debug|Any CPU
		{D55419A7-E2F3-4535-8AD7-BCD06E43D7DE}.Debug|Any CPU.Build.0 = Debug|Any CPU
		{D55419A7-E2F3-4535-8AD7-BCD06E43D7DE}.Release|Any CPU.ActiveCfg = Release|Any CPU
		{D55419A7-E2F3-4535-8AD7-BCD06E43D7DE}.Release|Any CPU.Build.0 = Release|Any CPU
		{D21D07AF-2771-4EDD-AF7B-811E3E5BB333}.Debug|Any CPU.ActiveCfg = Debug|Any CPU
		{D21D07AF-2771-4EDD-AF7B-811E3E5BB333}.Debug|Any CPU.Build.0 = Debug|Any CPU
		{D21D07AF-2771-4EDD-AF7B-811E3E5BB333}.Release|Any CPU.ActiveCfg = Release|Any CPU
		{D21D07AF-2771-4EDD-AF7B-811E3E5BB333}.Release|Any CPU.Build.0 = Release|Any CPU
		{C8B9C93E-C4BD-4268-B1CA-3058E05362E3}.Debug|Any CPU.ActiveCfg = Debug|Any CPU
		{C8B9C93E-C4BD-4268-B1CA-3058E05362E3}.Debug|Any CPU.Build.0 = Debug|Any CPU
		{C8B9C93E-C4BD-4268-B1CA-3058E05362E3}.Release|Any CPU.ActiveCfg = Release|Any CPU
		{C8B9C93E-C4BD-4268-B1CA-3058E05362E3}.Release|Any CPU.Build.0 = Release|Any CPU
		{5F012A62-9FD0-4E15-A519-91C5E362032B}.Debug|Any CPU.ActiveCfg = Debug|Any CPU
		{5F012A62-9FD0-4E15-A519-91C5E362032B}.Debug|Any CPU.Build.0 = Debug|Any CPU
		{5F012A62-9FD0-4E15-A519-91C5E362032B}.Release|Any CPU.ActiveCfg = Release|Any CPU
		{5F012A62-9FD0-4E15-A519-91C5E362032B}.Release|Any CPU.Build.0 = Release|Any CPU
	EndGlobalSection
	GlobalSection(SolutionProperties) = preSolution
		HideSolutionNode = FALSE
	EndGlobalSection
	GlobalSection(NestedProjects) = preSolution
		{32A0DB7B-6A3F-42CD-A795-514910BB2BEF} = {EE5C714D-D469-4CDD-9C9F-B482B26C6E8A}
		{D55419A7-E2F3-4535-8AD7-BCD06E43D7DE} = {FA30D849-95AA-4679-B86C-6C1B205B480E}
		{D21D07AF-2771-4EDD-AF7B-811E3E5BB333} = {061D1EC0-124D-4262-997B-730EEB9D9BBC}
		{C8B9C93E-C4BD-4268-B1CA-3058E05362E3} = {FA30D849-95AA-4679-B86C-6C1B205B480E}
		{5F012A62-9FD0-4E15-A519-91C5E362032B} = {61F3853E-B3B5-430D-B56E-69B3185DE7BE}
	EndGlobalSection
	GlobalSection(ExtensibilityGlobals) = postSolution
		SolutionGuid = {2198355C-E939-4A39-A1AF-BA2496300707}
	EndGlobalSection
EndGlobal
